
Microsoft Visual Studio Solution File, Format Version 12.00
# Visual Studio Version 17
VisualStudioVersion = 17.11.35303.130
MinimumVisualStudioVersion = 10.0.40219.1
Project("{8BC9CEB8-8B4A-11D0-8D11-00A0C91BC942}") = "LB6.1rek", "LB6.1rek\LB6.1rek.vcxproj", "{7EA89C5F-EF3B-4113-8FD5-24AA63FD27DB}"
EndProject
Project("{8BC9CEB8-8B4A-11D0-8D11-00A0C91BC942}") = "UnitTest6.1rek", "UnitTest6.1rek\UnitTest6.1rek.vcxproj", "{93A39CE2-1BE5-4B06-9B75-680BF21201F5}"
EndProject
Global
	GlobalSection(SolutionConfigurationPlatforms) = preSolution
		Debug|x64 = Debug|x64
		Debug|x86 = Debug|x86
		Release|x64 = Release|x64
		Release|x86 = Release|x86
	EndGlobalSection
	GlobalSection(ProjectConfigurationPlatforms) = postSolution
		{7EA89C5F-EF3B-4113-8FD5-24AA63FD27DB}.Debug|x64.ActiveCfg = Debug|x64
		{7EA89C5F-EF3B-4113-8FD5-24AA63FD27DB}.Debug|x64.Build.0 = Debug|x64
		{7EA89C5F-EF3B-4113-8FD5-24AA63FD27DB}.Debug|x86.ActiveCfg = Debug|Win32
		{7EA89C5F-EF3B-4113-8FD5-24AA63FD27DB}.Debug|x86.Build.0 = Debug|Win32
		{7EA89C5F-EF3B-4113-8FD5-24AA63FD27DB}.Release|x64.ActiveCfg = Release|x64
		{7EA89C5F-EF3B-4113-8FD5-24AA63FD27DB}.Release|x64.Build.0 = Release|x64
		{7EA89C5F-EF3B-4113-8FD5-24AA63FD27DB}.Release|x86.ActiveCfg = Release|Win32
		{7EA89C5F-EF3B-4113-8FD5-24AA63FD27DB}.Release|x86.Build.0 = Release|Win32
		{93A39CE2-1BE5-4B06-9B75-680BF21201F5}.Debug|x64.ActiveCfg = Debug|x64
		{93A39CE2-1BE5-4B06-9B75-680BF21201F5}.Debug|x64.Build.0 = Debug|x64
		{93A39CE2-1BE5-4B06-9B75-680BF21201F5}.Debug|x86.ActiveCfg = Debug|Win32
		{93A39CE2-1BE5-4B06-9B75-680BF21201F5}.Debug|x86.Build.0 = Debug|Win32
		{93A39CE2-1BE5-4B06-9B75-680BF21201F5}.Release|x64.ActiveCfg = Release|x64
		{93A39CE2-1BE5-4B06-9B75-680BF21201F5}.Release|x64.Build.0 = Release|x64
		{93A39CE2-1BE5-4B06-9B75-680BF21201F5}.Release|x86.ActiveCfg = Release|Win32
		{93A39CE2-1BE5-4B06-9B75-680BF21201F5}.Release|x86.Build.0 = Release|Win32
	EndGlobalSection
	GlobalSection(SolutionProperties) = preSolution
		HideSolutionNode = FALSE
	EndGlobalSection
	GlobalSection(ExtensibilityGlobals) = postSolution
		SolutionGuid = {2AFE1B61-2A35-4398-9EC1-B7D9E271C16F}
	EndGlobalSection
EndGlobal
